
Microsoft Visual Studio Solution File, Format Version 12.00
# Visual Studio Version 17
VisualStudioVersion = 17.2.32408.312
MinimumVisualStudioVersion = 10.0.40219.1
Project("{9A19103F-16F7-4668-BE54-9A1E7A4F7556}") = "Bio_Service", "Bio_Service.csproj", "{B7B59FEA-ECB1-4ABD-946F-A044BAA3D270}"
EndProject
Project("{9A19103F-16F7-4668-BE54-9A1E7A4F7556}") = "Bio_Core", "..\Bio_Core\Bio_Core.csproj", "{6194AC9A-0731-453A-911F-2AAD6F4F894D}"
EndProject
Project("{9A19103F-16F7-4668-BE54-9A1E7A4F7556}") = "Bio_Domain", "..\Bio_Domain\Bio_Domain.csproj", "{06957477-EA0A-47A5-937D-7C964FF8CF7D}"
EndProject
Project("{FAE04EC0-301F-11D3-BF4B-00C04F79EFBC}") = "Bio_API", "..\Bio_API\Bio_API.csproj", "{A4B58CDD-3CCB-4018-BAC2-DA251387EB69}"
EndProject
Global
	GlobalSection(SolutionConfigurationPlatforms) = preSolution
		Debug|Any CPU = Debug|Any CPU
		Release|Any CPU = Release|Any CPU
	EndGlobalSection
	GlobalSection(ProjectConfigurationPlatforms) = postSolution
		{B7B59FEA-ECB1-4ABD-946F-A044BAA3D270}.Debug|Any CPU.ActiveCfg = Debug|Any CPU
		{B7B59FEA-ECB1-4ABD-946F-A044BAA3D270}.Debug|Any CPU.Build.0 = Debug|Any CPU
		{B7B59FEA-ECB1-4ABD-946F-A044BAA3D270}.Release|Any CPU.ActiveCfg = Release|Any CPU
		{B7B59FEA-ECB1-4ABD-946F-A044BAA3D270}.Release|Any CPU.Build.0 = Release|Any CPU
		{6194AC9A-0731-453A-911F-2AAD6F4F894D}.Debug|Any CPU.ActiveCfg = Debug|Any CPU
		{6194AC9A-0731-453A-911F-2AAD6F4F894D}.Debug|Any CPU.Build.0 = Debug|Any CPU
		{6194AC9A-0731-453A-911F-2AAD6F4F894D}.Release|Any CPU.ActiveCfg = Release|Any CPU
		{6194AC9A-0731-453A-911F-2AAD6F4F894D}.Release|Any CPU.Build.0 = Release|Any CPU
		{06957477-EA0A-47A5-937D-7C964FF8CF7D}.Debug|Any CPU.ActiveCfg = Debug|Any CPU
		{06957477-EA0A-47A5-937D-7C964FF8CF7D}.Debug|Any CPU.Build.0 = Debug|Any CPU
		{06957477-EA0A-47A5-937D-7C964FF8CF7D}.Release|Any CPU.ActiveCfg = Release|Any CPU
		{06957477-EA0A-47A5-937D-7C964FF8CF7D}.Release|Any CPU.Build.0 = Release|Any CPU
		{A4B58CDD-3CCB-4018-BAC2-DA251387EB69}.Debug|Any CPU.ActiveCfg = Debug|Any CPU
		{A4B58CDD-3CCB-4018-BAC2-DA251387EB69}.Debug|Any CPU.Build.0 = Debug|Any CPU
		{A4B58CDD-3CCB-4018-BAC2-DA251387EB69}.Release|Any CPU.ActiveCfg = Release|Any CPU
		{A4B58CDD-3CCB-4018-BAC2-DA251387EB69}.Release|Any CPU.Build.0 = Release|Any CPU
	EndGlobalSection
	GlobalSection(SolutionProperties) = preSolution
		HideSolutionNode = FALSE
	EndGlobalSection
	GlobalSection(ExtensibilityGlobals) = postSolution
		SolutionGuid = {4F8E1A2C-17F1-4A53-A5B4-6ECC6BFA0682}
	EndGlobalSection
EndGlobal
